
Microsoft Visual Studio Solution File, Format Version 12.00
# Visual Studio 2015
Project("{FAE04EC0-301F-11D3-BF4B-00C04F79EFBC}") = "Physics Test", "Physics Test.csproj", "{0D4C403F-BD33-C063-71D6-BB292FC86613}"
EndProject
Project("{FAE04EC0-301F-11D3-BF4B-00C04F79EFBC}") = "Physics Test.Editor", "Physics Test.Editor.csproj", "{D7B50ACA-A7B3-79E9-D8A0-ACE19D1896FD}"
EndProject
Global
	GlobalSection(SolutionConfigurationPlatforms) = preSolution
		Debug|Any CPU = Debug|Any CPU
		Release|Any CPU = Release|Any CPU
	EndGlobalSection
	GlobalSection(ProjectConfigurationPlatforms) = postSolution
		{0D4C403F-BD33-C063-71D6-BB292FC86613}.Debug|Any CPU.ActiveCfg = Debug|Any CPU
		{0D4C403F-BD33-C063-71D6-BB292FC86613}.Debug|Any CPU.Build.0 = Debug|Any CPU
		{0D4C403F-BD33-C063-71D6-BB292FC86613}.Release|Any CPU.ActiveCfg = Release|Any CPU
		{0D4C403F-BD33-C063-71D6-BB292FC86613}.Release|Any CPU.Build.0 = Release|Any CPU
		{D7B50ACA-A7B3-79E9-D8A0-ACE19D1896FD}.Debug|Any CPU.ActiveCfg = Debug|Any CPU
		{D7B50ACA-A7B3-79E9-D8A0-ACE19D1896FD}.Debug|Any CPU.Build.0 = Debug|Any CPU
		{D7B50ACA-A7B3-79E9-D8A0-ACE19D1896FD}.Release|Any CPU.ActiveCfg = Release|Any CPU
		{D7B50ACA-A7B3-79E9-D8A0-ACE19D1896FD}.Release|Any CPU.Build.0 = Release|Any CPU
	EndGlobalSection
	GlobalSection(SolutionProperties) = preSolution
		HideSolutionNode = FALSE
	EndGlobalSection
EndGlobal
